{
  "name": "squoosh-test",
  "version": "1.0.0",
  "lockfileVersion": 1,
  "requires": true,
  "dependencies": {
    "@squoosh/lib": {
      "version": "0.3.1",
      "resolved": "https://registry.npmjs.org/@squoosh/lib/-/lib-0.3.1.tgz",
      "integrity": "sha512-ni8gyTGgW9lH/yqaqgkxerGT7daSWNU9mtvWqj+/1qqzIT9YGfFvnTtDQRMIRjRCKQ5pkK/COufvWKuzHI6Dxw==",
      "requires": {
        "web-streams-polyfill": "^3.0.3"
      }
    },
    "@vercel/ncc": {
      "version": "0.28.6",
      "resolved": "https://registry.npmjs.org/@vercel/ncc/-/ncc-0.28.6.tgz",
      "integrity": "sha512-t4BoSSuyK8BZaUE0gV18V6bkFs4st7baumtFGa50dv1tMu2GDBEBF8sUZaKBdKiL6DzJ2D2+XVCwYWWDcQOYdQ==",
      "dev": true
    },
    "web-streams-polyfill": {
      "version": "3.0.3",
      "resolved": "https://registry.npmjs.org/web-streams-polyfill/-/web-streams-polyfill-3.0.3.tgz",
      "integrity": "sha512-d2H/t0eqRNM4w2WvmTdoeIvzAUSpK7JmATB8Nr2lb7nQ9BTIJVjbQ/TRFVEh2gUH1HwclPdoPtfMoFfetXaZnA=="
    }
  }
}
